
Microsoft Visual Studio Solution File, Format Version 12.00
# Visual Studio Version 16
VisualStudioVersion = 16.0.31424.327
MinimumVisualStudioVersion = 10.0.40219.1
Project("{FAE04EC0-301F-11D3-BF4B-00C04F79EFBC}") = "TodoBlazor", "TodoBlazor.csproj", "{70278342-9A2A-4479-B00C-4602ED4A07C1}"
EndProject
Global
	GlobalSection(SolutionConfigurationPlatforms) = preSolution
		Debug|Any CPU = Debug|Any CPU
		Release|Any CPU = Release|Any CPU
	EndGlobalSection
	GlobalSection(ProjectConfigurationPlatforms) = postSolution
		{70278342-9A2A-4479-B00C-4602ED4A07C1}.Debug|Any CPU.ActiveCfg = Debug|Any CPU
		{70278342-9A2A-4479-B00C-4602ED4A07C1}.Debug|Any CPU.Build.0 = Debug|Any CPU
		{70278342-9A2A-4479-B00C-4602ED4A07C1}.Release|Any CPU.ActiveCfg = Release|Any CPU
		{70278342-9A2A-4479-B00C-4602ED4A07C1}.Release|Any CPU.Build.0 = Release|Any CPU
	EndGlobalSection
	GlobalSection(SolutionProperties) = preSolution
		HideSolutionNode = FALSE
	EndGlobalSection
	GlobalSection(ExtensibilityGlobals) = postSolution
		SolutionGuid = {2E7A8495-622D-4106-ADB6-0EA87B7694D8}
	EndGlobalSection
EndGlobal
